<Solution>
  <Folder Name="/src/">
    <Project Path="src/AcademicEditor.App/AcademicEditor.App.csproj" />
    <Project Path="src/AcademicEditor.Core/AcademicEditor.Core.csproj" />
  </Folder>
  <Folder Name="/tests/">
    <Project Path="tests/AcademicEditor.Core.Tests/AcademicEditor.Core.Tests.csproj" />
    <Project Path="tests/AcademicEditor.App.Tests/AcademicEditor.App.Tests.csproj" />
  </Folder>
</Solution>
